
Microsoft Visual Studio Solution File, Format Version 12.00
# Visual Studio 14
VisualStudioVersion = 14.0.25420.1
MinimumVisualStudioVersion = 10.0.40219.1
Project("{FAE04EC0-301F-11D3-BF4B-00C04F79EFBC}") = "Core", "Core\Core.csproj", "{45399F94-E7E6-4268-834B-89D4D8F15739}"
EndProject
Project("{FAE04EC0-301F-11D3-BF4B-00C04F79EFBC}") = "Client_Desktop", "Client_Desktop\Client_Desktop.csproj", "{09D38D06-B9DD-4132-BA5F-8B83D3FB7E41}"
EndProject
Project("{FAE04EC0-301F-11D3-BF4B-00C04F79EFBC}") = "CoreTestProject", "CoreTestProject\CoreTestProject.csproj", "{750B9384-F700-4567-9F66-44E74EC58109}"
EndProject
Global
	GlobalSection(SolutionConfigurationPlatforms) = preSolution
		Debug|Any CPU = Debug|Any CPU
		Release|Any CPU = Release|Any CPU
	EndGlobalSection
	GlobalSection(ProjectConfigurationPlatforms) = postSolution
		{45399F94-E7E6-4268-834B-89D4D8F15739}.Debug|Any CPU.ActiveCfg = Debug|Any CPU
		{45399F94-E7E6-4268-834B-89D4D8F15739}.Debug|Any CPU.Build.0 = Debug|Any CPU
		{45399F94-E7E6-4268-834B-89D4D8F15739}.Release|Any CPU.ActiveCfg = Release|Any CPU
		{45399F94-E7E6-4268-834B-89D4D8F15739}.Release|Any CPU.Build.0 = Release|Any CPU
		{09D38D06-B9DD-4132-BA5F-8B83D3FB7E41}.Debug|Any CPU.ActiveCfg = Debug|Any CPU
		{09D38D06-B9DD-4132-BA5F-8B83D3FB7E41}.Debug|Any CPU.Build.0 = Debug|Any CPU
		{09D38D06-B9DD-4132-BA5F-8B83D3FB7E41}.Release|Any CPU.ActiveCfg = Release|Any CPU
		{09D38D06-B9DD-4132-BA5F-8B83D3FB7E41}.Release|Any CPU.Build.0 = Release|Any CPU
		{750B9384-F700-4567-9F66-44E74EC58109}.Debug|Any CPU.ActiveCfg = Debug|Any CPU
		{750B9384-F700-4567-9F66-44E74EC58109}.Debug|Any CPU.Build.0 = Debug|Any CPU
		{750B9384-F700-4567-9F66-44E74EC58109}.Release|Any CPU.ActiveCfg = Release|Any CPU
		{750B9384-F700-4567-9F66-44E74EC58109}.Release|Any CPU.Build.0 = Release|Any CPU
	EndGlobalSection
	GlobalSection(SolutionProperties) = preSolution
		HideSolutionNode = FALSE
	EndGlobalSection
EndGlobal
